// !$*UTF8*$!
{
	archiveVersion = 1;
	classes = {
	};
	objectVersion = 50;
	objects = {

/* Begin PBXBuildFile section */
		17C8313D22A0391700138D45 /* AppDelegate.swift in Sources */ = {isa = PBXBuildFile; fileRef = 17C8313C22A0391700138D45 /* AppDelegate.swift */; };
		17C8313F22A0391700138D45 /* ViewController.swift in Sources */ = {isa = PBXBuildFile; fileRef = 17C8313E22A0391700138D45 /* ViewController.swift */; };
		17C8314222A0391700138D45 /* Main.storyboard in Resources */ = {isa = PBXBuildFile; fileRef = 17C8314022A0391700138D45 /* Main.storyboard */; };
		17C8314422A0391700138D45 /* Assets.xcassets in Resources */ = {isa = PBXBuildFile; fileRef = 17C8314322A0391700138D45 /* Assets.xcassets */; };
		17C8314722A0391700138D45 /* LaunchScreen.storyboard in Resources */ = {isa = PBXBuildFile; fileRef = 17C8314522A0391700138D45 /* LaunchScreen.storyboard */; };
		5B93F91ED9031F053BF08234 /* Pods_Teest.framework in Frameworks */ = {isa = PBXBuildFile; fileRef = BFE639F90DBDBD8AA558726C /* Pods_Teest.framework */; };
/* End PBXBuildFile section */

/* Begin PBXFileReference section */
		17C8313922A0391700138D45 /* Teest.app */ = {isa = PBXFileReference; explicitFileType = wrapper.application; includeInIndex = 0; path = Teest.app; sourceTree = BUILT_PRODUCTS_DIR; };
		17C8313C22A0391700138D45 /* AppDelegate.swift */ = {isa = PBXFileReference; lastKnownFileType = sourcecode.swift; path = AppDelegate.swift; sourceTree = "<group>"; };
		17C8313E22A0391700138D45 /* ViewController.swift */ = {isa = PBXFileReference; lastKnownFileType = sourcecode.swift; path = ViewController.swift; sourceTree = "<group>"; };
		17C8314122A0391700138D45 /* Base */ = {isa = PBXFileReference; lastKnownFileType = file.storyboard; name = Base; path = Base.lproj/Main.storyboard; sourceTree = "<group>"; };
		17C8314322A0391700138D45 /* Assets.xcassets */ = {isa = PBXFileReference; lastKnownFileType = folder.assetcatalog; path = Assets.xcassets; sourceTree = "<group>"; };
		17C8314622A0391700138D45 /* Base */ = {isa = PBXFileReference; lastKnownFileType = file.storyboard; name = Base; path = Base.lproj/LaunchScreen.storyboard; sourceTree = "<group>"; };
		17C8314822A0391700138D45 /* Info.plist */ = {isa = PBXFileReference; lastKnownFileType = text.plist.xml; path = Info.plist; sourceTree = "<group>"; };
		B31CE3A1142A34520E1AB2AF /* Pods-Teest.release.xcconfig */ = {isa = PBXFileReference; includeInIndex = 1; lastKnownFileType = text.xcconfig; name = "Pods-Teest.release.xcconfig"; path = "Pods/Target Support Files/Pods-Teest/Pods-Teest.release.xcconfig"; sourceTree = "<group>"; };
		BFE639F90DBDBD8AA558726C /* Pods_Teest.framework */ = {isa = PBXFileReference; explicitFileType = wrapper.framework; includeInIndex = 0; path = Pods_Teest.framework; sourceTree = BUILT_PRODUCTS_DIR; };
		E6D4317F33641D3B8A1576E0 /* Pods-Teest.debug.xcconfig */ = {isa = PBXFileReference; includeInIndex = 1; lastKnownFileType = text.xcconfig; name = "Pods-Teest.debug.xcconfig"; path = "Pods/Target Support Files/Pods-Teest/Pods-Teest.debug.xcconfig"; sourceTree = "<group>"; };
/* End PBXFileReference section */

/* Begin PBXFrameworksBuildPhase section */
		17C8313622A0391700138D45 /* Frameworks */ = {
			isa = PBXFrameworksBuildPhase;
			buildActionMask = 2147483647;
			files = (
				5B93F91ED9031F053BF08234 /* Pods_Teest.framework in Frameworks */,
			);
			runOnlyForDeploymentPostprocessing = 0;
		};
/* End PBXFrameworksBuildPhase section */

/* Begin PBXGroup section */
		17C8313022A0391700138D45 = {
			isa = PBXGroup;
			children = (
				17C8313B22A0391700138D45 /* Teest */,
				17C8313A22A0391700138D45 /* Products */,
				8C942ADC73FDE5702BA7CC93 /* Pods */,
				C579030FD2820028FF1B8230 /* Frameworks */,
			);
			sourceTree = "<group>";
		};
		17C8313A22A0391700138D45 /* Products */ = {
			isa = PBXGroup;
			children = (
				17C8313922A0391700138D45 /* Teest.app */,
			);
			name = Products;
			sourceTree = "<group>";
		};
		17C8313B22A0391700138D45 /* Teest */ = {
			isa = PBXGroup;
			children = (
				17C8313C22A0391700138D45 /* AppDelegate.swift */,
				17C8313E22A0391700138D45 /* ViewController.swift */,
				17C8314022A0391700138D45 /* Main.storyboard */,
				17C8314322A0391700138D45 /* Assets.xcassets */,
				17C8314522A0391700138D45 /* LaunchScreen.storyboard */,
				17C8314822A0391700138D45 /* Info.plist */,
			);
			path = Teest;
			sourceTree = "<group>";
		};
		8C942ADC73FDE5702BA7CC93 /* Pods */ = {
			isa = PBXGroup;
			children = (
				E6D4317F33641D3B8A1576E0 /* Pods-Teest.debug.xcconfig */,
				B31CE3A1142A34520E1AB2AF /* Pods-Teest.release.xcconfig */,
			);
			name = Pods;
			sourceTree = "<group>";
		};
		C579030FD2820028FF1B8230 /* Frameworks */ = {
			isa = PBXGroup;
			children = (
				BFE639F90DBDBD8AA558726C /* Pods_Teest.framework */,
			);
			name = Frameworks;
			sourceTree = "<group>";
		};
/* End PBXGroup section */

/* Begin PBXNativeTarget section */
		17C8313822A0391700138D45 /* Teest */ = {
			isa = PBXNativeTarget;
			buildConfigurationList = 17C8314B22A0391700138D45 /* Build configuration list for PBXNativeTarget "Teest" */;
			buildPhases = (
				3EA2D0EEEFC1A78AC53A22C1 /* [CP] Check Pods Manifest.lock */,
				17C8313522A0391700138D45 /* Sources */,
				17C8313622A0391700138D45 /* Frameworks */,
				17C8313722A0391700138D45 /* Resources */,
			);
			buildRules = (
			);
			dependencies = (
			);
			name = Teest;
			productName = Teest;
			productReference = 17C8313922A0391700138D45 /* Teest.app */;
			productType = "com.apple.product-type.application";
		};
/* End PBXNativeTarget section */

/* Begin PBXProject section */
		17C8313122A0391700138D45 /* Project object */ = {
			isa = PBXProject;
			attributes = {
				LastSwiftUpdateCheck = 1010;
				LastUpgradeCheck = 1010;
				ORGANIZATIONNAME = "shal hi";
				TargetAttributes = {
					17C8313822A0391700138D45 = {
						CreatedOnToolsVersion = 10.1;
					};
				};
			};
			buildConfigurationList = 17C8313422A0391700138D45 /* Build configuration list for PBXProject "Teest" */;
			compatibilityVersion = "Xcode 9.3";
			developmentRegion = en;
			hasScannedForEncodings = 0;
			knownRegions = (
				en,
				Base,
			);
			mainGroup = 17C8313022A0391700138D45;
			productRefGroup = 17C8313A22A0391700138D45 /* Products */;
			projectDirPath = "";
			projectRoot = "";
			targets = (
				17C8313822A0391700138D45 /* Teest */,
			);
		};
/* End PBXProject section */

/* Begin PBXResourcesBuildPhase section */
		17C8313722A0391700138D45 /* Resources */ = {
			isa = PBXResourcesBuildPhase;
			buildActionMask = 2147483647;
			files = (
				17C8314722A0391700138D45 /* LaunchScreen.storyboard in Resources */,
				17C8314422A0391700138D45 /* Assets.xcassets in Resources */,
				17C8314222A0391700138D45 /* Main.storyboard in Resources */,
			);
			runOnlyForDeploymentPostprocessing = 0;
		};
/* End PBXResourcesBuildPhase section */

/* Begin PBXShellScriptBuildPhase section */
		3EA2D0EEEFC1A78AC53A22C1 /* [CP] Check Pods Manifest.lock */ = {
			isa = PBXShellScriptBuildPhase;
			buildActionMask = 2147483647;
			files = (
			);
			inputPaths = (
				"${PODS_PODFILE_DIR_PATH}/Podfile.lock",
				"${PODS_ROOT}/Manifest.lock",
			);
			name = "[CP] Check Pods Manifest.lock";
			outputPaths = (
				"$(DERIVED_FILE_DIR)/Pods-Teest-checkManifestLockResult.txt",
			);
			runOnlyForDeploymentPostprocessing = 0;
			shellPath = /bin/sh;
			shellScript = "diff \"${PODS_PODFILE_DIR_PATH}/Podfile.lock\" \"${PODS_ROOT}/Manifest.lock\" > /dev/null\nif [ $? != 0 ] ; then\n    # print error to STDERR\n    echo \"error: The sandbox is not in sync with the Podfile.lock. Run 'pod install' or update your CocoaPods installation.\" >&2\n    exit 1\nfi\n# This output is used by Xcode 'outputs' to avoid re-running this script phase.\necho \"SUCCESS\" > \"${SCRIPT_OUTPUT_FILE_0}\"\n";
			showEnvVarsInLog = 0;
		};
/* End PBXShellScriptBuildPhase section */

/* Begin PBXSourcesBuildPhase section */
		17C8313522A0391700138D45 /* Sources */ = {
			isa = PBXSourcesBuildPhase;
			buildActionMask = 2147483647;
			files = (
				17C8313F22A0391700138D45 /* ViewController.swift in Sources */,
				17C8313D22A0391700138D45 /* AppDelegate.swift in Sources */,
			);
			runOnlyForDeploymentPostprocessing = 0;
		};
/* End PBXSourcesBuildPhase section */

/* Begin PBXVariantGroup section */
		17C8314022A0391700138D45 /* Main.storyboard */ = {
			isa = PBXVariantGroup;
			children = (
				17C8314122A0391700138D45 /* Base */,
			);
			name = Main.storyboard;
			sourceTree = "<group>";
		};
		17C8314522A0391700138D45 /* LaunchScreen.storyboard */ = {
			isa = PBXVariantGroup;
			children = (
				17C8314622A0391700138D45 /* Base */,
			);
			name = LaunchScreen.storyboard;
			sourceTree = "<group>";
		};
/* End PBXVariantGroup section */

/* Begin XCBuildConfiguration section */
		17C8314922A0391700138D45 /* Debug */ = {
			isa = XCBuildConfiguration;
			buildSettings = {
				ALWAYS_SEARCH_USER_PATHS = NO;
				CLANG_ANALYZER_NONNULL = YES;
				CLANG_ANALYZER_NUMBER_OBJECT_CONVERSION = YES_AGGRESSIVE;
				CLANG_CXX_LANGUAGE_STANDARD = "gnu++14";
				CLANG_CXX_LIBRARY = "libc++";
				CLANG_ENABLE_MODULES = YES;
				CLANG_ENABLE_OBJC_ARC = YES;
				CLANG_ENABLE_OBJC_WEAK = YES;
				CLANG_WARN_BLOCK_CAPTURE_AUTORELEASING = YES;
				CLANG_WARN_BOOL_CONVERSION = YES;
				CLANG_WARN_COMMA = YES;
				CLANG_WARN_CONSTANT_CONVERSION = YES;
				CLANG_WARN_DEPRECATED_OBJC_IMPLEMENTATIONS = YES;
				CLANG_WARN_DIRECT_OBJC_ISA_USAGE = YES_ERROR;
				CLANG_WARN_DOCUMENTATION_COMMENTS = YES;
				CLANG_WARN_EMPTY_BODY = YES;
				CLANG_WARN_ENUM_CONVERSION = YES;
				CLANG_WARN_INFINITE_RECURSION = YES;
				CLANG_WARN_INT_CONVERSION = YES;
				CLANG_WARN_NON_LITERAL_NULL_CONVERSION = YES;
				CLANG_WARN_OBJC_IMPLICIT_RETAIN_SELF = YES;
				CLANG_WARN_OBJC_LITERAL_CONVERSION = YES;
				CLANG_WARN_OBJC_ROOT_CLASS = YES_ERROR;
				CLANG_WARN_RANGE_LOOP_ANALYSIS = YES;
				CLANG_WARN_STRICT_PROTOTYPES = YES;
				CLANG_WARN_SUSPICIOUS_MOVE = YES;
				CLANG_WARN_UNGUARDED_AVAILABILITY = YES_AGGRESSIVE;
				CLANG_WARN_UNREACHABLE_CODE = YES;
				CLANG_WARN__DUPLICATE_METHOD_MATCH = YES;
				CODE_SIGN_IDENTITY = "iPhone Developer";
				COPY_PHASE_STRIP = NO;
				DEBUG_INFORMATION_FORMAT = dwarf;
				ENABLE_STRICT_OBJC_MSGSEND = YES;
				ENABLE_TESTABILITY = YES;
				GCC_C_LANGUAGE_STANDARD = gnu11;
				GCC_DYNAMIC_NO_PIC = NO;
				GCC_NO_COMMON_BLOCKS = YES;
				GCC_OPTIMIZATION_LEVEL = 0;
				GCC_PREPROCESSOR_DEFINITIONS = (
					"DEBUG=1",
					"$(inherited)",
				);
				GCC_WARN_64_TO_32_BIT_CONVERSION = YES;
				GCC_WARN_ABOUT_RETURN_TYPE = YES_ERROR;
				GCC_WARN_UNDECLARED_SELECTOR = YES;
				GCC_WARN_UNINITIALIZED_AUTOS = YES_AGGRESSIVE;
				GCC_WARN_UNUSED_FUNCTION = YES;
				GCC_WARN_UNUSED_VARIABLE = YES;
				IPHONEOS_DEPLOYMENT_TARGET = 12.1;
				MTL_ENABLE_DEBUG_INFO = INCLUDE_SOURCE;
				MTL_FAST_MATH = YES;
				ONLY_ACTIVE_ARCH = YES;
				SDKROOT = iphoneos;
				SWIFT_ACTIVE_COMPILATION_CONDITIONS = DEBUG;
				SWIFT_OPTIMIZATION_LEVEL = "-Onone";
			};
			name = Debug;
		};
		17C8314A22A0391700138D45 /* Release */ = {
			isa = XCBuildConfiguration;
			buildSettings = {
				ALWAYS_SEARCH_USER_PATHS = NO;
				CLANG_ANALYZER_NONNULL = YES;
				CLANG_ANALYZER_NUMBER_OBJECT_CONVERSION = YES_AGGRESSIVE;
				CLANG_CXX_LANGUAGE_STANDARD = "gnu++14";
				CLANG_CXX_LIBRARY = "libc++";
				CLANG_ENABLE_MODULES = YES;
				CLANG_ENABLE_OBJC_ARC = YES;
				CLANG_ENABLE_OBJC_WEAK = YES;
				CLANG_WARN_BLOCK_CAPTURE_AUTORELEASING = YES;
				CLANG_WARN_BOOL_CONVERSION = YES;
				CLANG_WARN_COMMA = YES;
				CLANG_WARN_CONSTANT_CONVERSION = YES;
				CLANG_WARN_DEPRECATED_OBJC_IMPLEMENTATIONS = YES;
				CLANG_WARN_DIRECT_OBJC_ISA_USAGE = YES_ERROR;
				CLANG_WARN_DOCUMENTATION_COMMENTS = YES;
				CLANG_WARN_EMPTY_BODY = YES;
				CLANG_WARN_ENUM_CONVERSION = YES;
				CLANG_WARN_INFINITE_RECURSION = YES;
				CLANG_WARN_INT_CONVERSION = YES;
				CLANG_WARN_NON_LITERAL_NULL_CONVERSION = YES;
				CLANG_WARN_OBJC_IMPLICIT_RETAIN_SELF = YES;
				CLANG_WARN_OBJC_LITERAL_CONVERSION = YES;
				CLANG_WARN_OBJC_ROOT_CLASS = YES_ERROR;
				CLANG_WARN_RANGE_LOOP_ANALYSIS = YES;
				CLANG_WARN_STRICT_PROTOTYPES = YES;
				CLANG_WARN_SUSPICIOUS_MOVE = YES;
				CLANG_WARN_UNGUARDED_AVAILABILITY = YES_AGGRESSIVE;
				CLANG_WARN_UNREACHABLE_CODE = YES;
				CLANG_WARN__DUPLICATE_METHOD_MATCH = YES;
				CODE_SIGN_IDENTITY = "iPhone Developer";
				COPY_PHASE_STRIP = NO;
				DEBUG_INFORMATION_FORMAT = "dwarf-with-dsym";
				ENABLE_NS_ASSERTIONS = NO;
				ENABLE_STRICT_OBJC_MSGSEND = YES;
				GCC_C_LANGUAGE_STANDARD = gnu11;
				GCC_NO_COMMON_BLOCKS = YES;
				GCC_WARN_64_TO_32_BIT_CONVERSION = YES;
				GCC_WARN_ABOUT_RETURN_TYPE = YES_ERROR;
				GCC_WARN_UNDECLARED_SELECTOR = YES;
				GCC_WARN_UNINITIALIZED_AUTOS = YES_AGGRESSIVE;
				GCC_WARN_UNUSED_FUNCTION = YES;
				GCC_WARN_UNUSED_VARIABLE = YES;
				IPHONEOS_DEPLOYMENT_TARGET = 12.1;
				MTL_ENABLE_DEBUG_INFO = NO;
				MTL_FAST_MATH = YES;
				SDKROOT = iphoneos;
				SWIFT_COMPILATION_MODE = wholemodule;
				SWIFT_OPTIMIZATION_LEVEL = "-O";
				VALIDATE_PRODUCT = YES;
			};
			name = Release;
		};
		17C8314C22A0391700138D45 /* Debug */ = {
			isa = XCBuildConfiguration;
			baseConfigurationReference = E6D4317F33641D3B8A1576E0 /* Pods-Teest.debug.xcconfig */;
			buildSettings = {
				ASSETCATALOG_COMPILER_APPICON_NAME = AppIcon;
				CODE_SIGN_STYLE = Automatic;
				DEVELOPMENT_TEAM = "";
				INFOPLIST_FILE = Teest/Info.plist;
				LD_RUNPATH_SEARCH_PATHS = (
					"$(inherited)",
					"@executable_path/Frameworks",
				);
				PRODUCT_BUNDLE_IDENTIFIER = shalhi.Teest;
				PRODUCT_NAME = "$(TARGET_NAME)";
				SWIFT_VERSION = 4.2;
				TARGETED_DEVICE_FAMILY = "1,2";
			};
			name = Debug;
		};
		17C8314D22A0391700138D45 /* Release */ = {
			isa = XCBuildConfiguration;
			baseConfigurationReference = B31CE3A1142A34520E1AB2AF /* Pods-Teest.release.xcconfig */;
			buildSettings = {
				ASSETCATALOG_COMPILER_APPICON_NAME = AppIcon;
				CODE_SIGN_STYLE = Automatic;
				DEVELOPMENT_TEAM = "";
				INFOPLIST_FILE = Teest/Info.plist;
				LD_RUNPATH_SEARCH_PATHS = (
					"$(inherited)",
					"@executable_path/Frameworks",
				);
				PRODUCT_BUNDLE_IDENTIFIER = shalhi.Teest;
				PRODUCT_NAME = "$(TARGET_NAME)";
				SWIFT_VERSION = 4.2;
				TARGETED_DEVICE_FAMILY = "1,2";
			};
			name = Release;
		};
/* End XCBuildConfiguration section */

/* Begin XCConfigurationList section */
		17C8313422A0391700138D45 /* Build configuration list for PBXProject "Teest" */ = {
			isa = XCConfigurationList;
			buildConfigurations = (
				17C8314922A0391700138D45 /* Debug */,
				17C8314A22A0391700138D45 /* Release */,
			);
			defaultConfigurationIsVisible = 0;
			defaultConfigurationName = Release;
		};
		17C8314B22A0391700138D45 /* Build configuration list for PBXNativeTarget "Teest" */ = {
			isa = XCConfigurationList;
			buildConfigurations = (
				17C8314C22A0391700138D45 /* Debug */,
				17C8314D22A0391700138D45 /* Release */,
			);
			defaultConfigurationIsVisible = 0;
			defaultConfigurationName = Release;
		};
/* End XCConfigurationList section */
	};
	rootObject = 17C8313122A0391700138D45 /* Project object */;
}
