// !$*UTF8*$!
{
	archiveVersion = 1;
	classes = {
	};
	objectVersion = 50;
	objects = {

/* Begin PBXBuildFile section */
		178BF77322A1167400521ACD /* AppDelegate.swift in Sources */ = {isa = PBXBuildFile; fileRef = 178BF77222A1167400521ACD /* AppDelegate.swift */; };
		178BF77522A1167400521ACD /* ViewController.swift in Sources */ = {isa = PBXBuildFile; fileRef = 178BF77422A1167400521ACD /* ViewController.swift */; };
		178BF77822A1167400521ACD /* Main.storyboard in Resources */ = {isa = PBXBuildFile; fileRef = 178BF77622A1167400521ACD /* Main.storyboard */; };
		178BF77A22A1167500521ACD /* Assets.xcassets in Resources */ = {isa = PBXBuildFile; fileRef = 178BF77922A1167500521ACD /* Assets.xcassets */; };
		178BF77D22A1167500521ACD /* LaunchScreen.storyboard in Resources */ = {isa = PBXBuildFile; fileRef = 178BF77B22A1167500521ACD /* LaunchScreen.storyboard */; };
		E0719658FDF57C10A793D3D3 /* Pods_Test002.framework in Frameworks */ = {isa = PBXBuildFile; fileRef = 2A597EA1285976D87FBF098A /* Pods_Test002.framework */; };
/* End PBXBuildFile section */

/* Begin PBXFileReference section */
		178BF76F22A1167400521ACD /* Test002.app */ = {isa = PBXFileReference; explicitFileType = wrapper.application; includeInIndex = 0; path = Test002.app; sourceTree = BUILT_PRODUCTS_DIR; };
		178BF77222A1167400521ACD /* AppDelegate.swift */ = {isa = PBXFileReference; lastKnownFileType = sourcecode.swift; path = AppDelegate.swift; sourceTree = "<group>"; };
		178BF77422A1167400521ACD /* ViewController.swift */ = {isa = PBXFileReference; lastKnownFileType = sourcecode.swift; path = ViewController.swift; sourceTree = "<group>"; };
		178BF77722A1167400521ACD /* Base */ = {isa = PBXFileReference; lastKnownFileType = file.storyboard; name = Base; path = Base.lproj/Main.storyboard; sourceTree = "<group>"; };
		178BF77922A1167500521ACD /* Assets.xcassets */ = {isa = PBXFileReference; lastKnownFileType = folder.assetcatalog; path = Assets.xcassets; sourceTree = "<group>"; };
		178BF77C22A1167500521ACD /* Base */ = {isa = PBXFileReference; lastKnownFileType = file.storyboard; name = Base; path = Base.lproj/LaunchScreen.storyboard; sourceTree = "<group>"; };
		178BF77E22A1167500521ACD /* Info.plist */ = {isa = PBXFileReference; lastKnownFileType = text.plist.xml; path = Info.plist; sourceTree = "<group>"; };
		2A597EA1285976D87FBF098A /* Pods_Test002.framework */ = {isa = PBXFileReference; explicitFileType = wrapper.framework; includeInIndex = 0; path = Pods_Test002.framework; sourceTree = BUILT_PRODUCTS_DIR; };
		73FE6A8AA09802B014943534 /* Pods-Test002.debug.xcconfig */ = {isa = PBXFileReference; includeInIndex = 1; lastKnownFileType = text.xcconfig; name = "Pods-Test002.debug.xcconfig"; path = "Target Support Files/Pods-Test002/Pods-Test002.debug.xcconfig"; sourceTree = "<group>"; };
		86A147C2142645363C03C0F6 /* Pods-Test002.release.xcconfig */ = {isa = PBXFileReference; includeInIndex = 1; lastKnownFileType = text.xcconfig; name = "Pods-Test002.release.xcconfig"; path = "Target Support Files/Pods-Test002/Pods-Test002.release.xcconfig"; sourceTree = "<group>"; };
/* End PBXFileReference section */

/* Begin PBXFrameworksBuildPhase section */
		178BF76C22A1167400521ACD /* Frameworks */ = {
			isa = PBXFrameworksBuildPhase;
			buildActionMask = 2147483647;
			files = (
				E0719658FDF57C10A793D3D3 /* Pods_Test002.framework in Frameworks */,
			);
			runOnlyForDeploymentPostprocessing = 0;
		};
/* End PBXFrameworksBuildPhase section */

/* Begin PBXGroup section */
		178BF76622A1167400521ACD = {
			isa = PBXGroup;
			children = (
				178BF77122A1167400521ACD /* Test002 */,
				178BF77022A1167400521ACD /* Products */,
				F534D93296184423EF18FBBD /* Pods */,
				7B24EEA0FCAA3F4DD100A399 /* Frameworks */,
			);
			sourceTree = "<group>";
		};
		178BF77022A1167400521ACD /* Products */ = {
			isa = PBXGroup;
			children = (
				178BF76F22A1167400521ACD /* Test002.app */,
			);
			name = Products;
			sourceTree = "<group>";
		};
		178BF77122A1167400521ACD /* Test002 */ = {
			isa = PBXGroup;
			children = (
				178BF77222A1167400521ACD /* AppDelegate.swift */,
				178BF77422A1167400521ACD /* ViewController.swift */,
				178BF77622A1167400521ACD /* Main.storyboard */,
				178BF77922A1167500521ACD /* Assets.xcassets */,
				178BF77B22A1167500521ACD /* LaunchScreen.storyboard */,
				178BF77E22A1167500521ACD /* Info.plist */,
			);
			path = Test002;
			sourceTree = "<group>";
		};
		7B24EEA0FCAA3F4DD100A399 /* Frameworks */ = {
			isa = PBXGroup;
			children = (
				2A597EA1285976D87FBF098A /* Pods_Test002.framework */,
			);
			name = Frameworks;
			sourceTree = "<group>";
		};
		F534D93296184423EF18FBBD /* Pods */ = {
			isa = PBXGroup;
			children = (
				73FE6A8AA09802B014943534 /* Pods-Test002.debug.xcconfig */,
				86A147C2142645363C03C0F6 /* Pods-Test002.release.xcconfig */,
			);
			name = Pods;
			path = Pods;
			sourceTree = "<group>";
		};
/* End PBXGroup section */

/* Begin PBXNativeTarget section */
		178BF76E22A1167400521ACD /* Test002 */ = {
			isa = PBXNativeTarget;
			buildConfigurationList = 178BF78122A1167500521ACD /* Build configuration list for PBXNativeTarget "Test002" */;
			buildPhases = (
				3BB03299A72C7244EEC186FB /* [CP] Check Pods Manifest.lock */,
				178BF76B22A1167400521ACD /* Sources */,
				178BF76C22A1167400521ACD /* Frameworks */,
				178BF76D22A1167400521ACD /* Resources */,
				8EA25EEAE94E8B8953ADB578 /* [CP] Embed Pods Frameworks */,
			);
			buildRules = (
			);
			dependencies = (
			);
			name = Test002;
			productName = Test002;
			productReference = 178BF76F22A1167400521ACD /* Test002.app */;
			productType = "com.apple.product-type.application";
		};
/* End PBXNativeTarget section */

/* Begin PBXProject section */
		178BF76722A1167400521ACD /* Project object */ = {
			isa = PBXProject;
			attributes = {
				LastSwiftUpdateCheck = 1010;
				LastUpgradeCheck = 1010;
				ORGANIZATIONNAME = "shal hi";
				TargetAttributes = {
					178BF76E22A1167400521ACD = {
						CreatedOnToolsVersion = 10.1;
					};
				};
			};
			buildConfigurationList = 178BF76A22A1167400521ACD /* Build configuration list for PBXProject "Test002" */;
			compatibilityVersion = "Xcode 9.3";
			developmentRegion = en;
			hasScannedForEncodings = 0;
			knownRegions = (
				en,
				Base,
			);
			mainGroup = 178BF76622A1167400521ACD;
			productRefGroup = 178BF77022A1167400521ACD /* Products */;
			projectDirPath = "";
			projectRoot = "";
			targets = (
				178BF76E22A1167400521ACD /* Test002 */,
			);
		};
/* End PBXProject section */

/* Begin PBXResourcesBuildPhase section */
		178BF76D22A1167400521ACD /* Resources */ = {
			isa = PBXResourcesBuildPhase;
			buildActionMask = 2147483647;
			files = (
				178BF77D22A1167500521ACD /* LaunchScreen.storyboard in Resources */,
				178BF77A22A1167500521ACD /* Assets.xcassets in Resources */,
				178BF77822A1167400521ACD /* Main.storyboard in Resources */,
			);
			runOnlyForDeploymentPostprocessing = 0;
		};
/* End PBXResourcesBuildPhase section */

/* Begin PBXShellScriptBuildPhase section */
		3BB03299A72C7244EEC186FB /* [CP] Check Pods Manifest.lock */ = {
			isa = PBXShellScriptBuildPhase;
			buildActionMask = 2147483647;
			files = (
			);
			inputFileListPaths = (
			);
			inputPaths = (
				"${PODS_PODFILE_DIR_PATH}/Podfile.lock",
				"${PODS_ROOT}/Manifest.lock",
			);
			name = "[CP] Check Pods Manifest.lock";
			outputFileListPaths = (
			);
			outputPaths = (
				"$(DERIVED_FILE_DIR)/Pods-Test002-checkManifestLockResult.txt",
			);
			runOnlyForDeploymentPostprocessing = 0;
			shellPath = /bin/sh;
			shellScript = "diff \"${PODS_PODFILE_DIR_PATH}/Podfile.lock\" \"${PODS_ROOT}/Manifest.lock\" > /dev/null\nif [ $? != 0 ] ; then\n    # print error to STDERR\n    echo \"error: The sandbox is not in sync with the Podfile.lock. Run 'pod install' or update your CocoaPods installation.\" >&2\n    exit 1\nfi\n# This output is used by Xcode 'outputs' to avoid re-running this script phase.\necho \"SUCCESS\" > \"${SCRIPT_OUTPUT_FILE_0}\"\n";
			showEnvVarsInLog = 0;
		};
		8EA25EEAE94E8B8953ADB578 /* [CP] Embed Pods Frameworks */ = {
			isa = PBXShellScriptBuildPhase;
			buildActionMask = 2147483647;
			files = (
			);
			inputFileListPaths = (
				"${PODS_ROOT}/Target Support Files/Pods-Test002/Pods-Test002-frameworks-${CONFIGURATION}-input-files.xcfilelist",
			);
			name = "[CP] Embed Pods Frameworks";
			outputFileListPaths = (
				"${PODS_ROOT}/Target Support Files/Pods-Test002/Pods-Test002-frameworks-${CONFIGURATION}-output-files.xcfilelist",
			);
			runOnlyForDeploymentPostprocessing = 0;
			shellPath = /bin/sh;
			shellScript = "\"${PODS_ROOT}/Target Support Files/Pods-Test002/Pods-Test002-frameworks.sh\"\n";
			showEnvVarsInLog = 0;
		};
/* End PBXShellScriptBuildPhase section */

/* Begin PBXSourcesBuildPhase section */
		178BF76B22A1167400521ACD /* Sources */ = {
			isa = PBXSourcesBuildPhase;
			buildActionMask = 2147483647;
			files = (
				178BF77522A1167400521ACD /* ViewController.swift in Sources */,
				178BF77322A1167400521ACD /* AppDelegate.swift in Sources */,
			);
			runOnlyForDeploymentPostprocessing = 0;
		};
/* End PBXSourcesBuildPhase section */

/* Begin PBXVariantGroup section */
		178BF77622A1167400521ACD /* Main.storyboard */ = {
			isa = PBXVariantGroup;
			children = (
				178BF77722A1167400521ACD /* Base */,
			);
			name = Main.storyboard;
			sourceTree = "<group>";
		};
		178BF77B22A1167500521ACD /* LaunchScreen.storyboard */ = {
			isa = PBXVariantGroup;
			children = (
				178BF77C22A1167500521ACD /* Base */,
			);
			name = LaunchScreen.storyboard;
			sourceTree = "<group>";
		};
/* End PBXVariantGroup section */

/* Begin XCBuildConfiguration section */
		178BF77F22A1167500521ACD /* Debug */ = {
			isa = XCBuildConfiguration;
			buildSettings = {
				ALWAYS_SEARCH_USER_PATHS = NO;
				CLANG_ANALYZER_NONNULL = YES;
				CLANG_ANALYZER_NUMBER_OBJECT_CONVERSION = YES_AGGRESSIVE;
				CLANG_CXX_LANGUAGE_STANDARD = "gnu++14";
				CLANG_CXX_LIBRARY = "libc++";
				CLANG_ENABLE_MODULES = YES;
				CLANG_ENABLE_OBJC_ARC = YES;
				CLANG_ENABLE_OBJC_WEAK = YES;
				CLANG_WARN_BLOCK_CAPTURE_AUTORELEASING = YES;
				CLANG_WARN_BOOL_CONVERSION = YES;
				CLANG_WARN_COMMA = YES;
				CLANG_WARN_CONSTANT_CONVERSION = YES;
				CLANG_WARN_DEPRECATED_OBJC_IMPLEMENTATIONS = YES;
				CLANG_WARN_DIRECT_OBJC_ISA_USAGE = YES_ERROR;
				CLANG_WARN_DOCUMENTATION_COMMENTS = YES;
				CLANG_WARN_EMPTY_BODY = YES;
				CLANG_WARN_ENUM_CONVERSION = YES;
				CLANG_WARN_INFINITE_RECURSION = YES;
				CLANG_WARN_INT_CONVERSION = YES;
				CLANG_WARN_NON_LITERAL_NULL_CONVERSION = YES;
				CLANG_WARN_OBJC_IMPLICIT_RETAIN_SELF = YES;
				CLANG_WARN_OBJC_LITERAL_CONVERSION = YES;
				CLANG_WARN_OBJC_ROOT_CLASS = YES_ERROR;
				CLANG_WARN_RANGE_LOOP_ANALYSIS = YES;
				CLANG_WARN_STRICT_PROTOTYPES = YES;
				CLANG_WARN_SUSPICIOUS_MOVE = YES;
				CLANG_WARN_UNGUARDED_AVAILABILITY = YES_AGGRESSIVE;
				CLANG_WARN_UNREACHABLE_CODE = YES;
				CLANG_WARN__DUPLICATE_METHOD_MATCH = YES;
				CODE_SIGN_IDENTITY = "iPhone Developer";
				COPY_PHASE_STRIP = NO;
				DEBUG_INFORMATION_FORMAT = dwarf;
				ENABLE_STRICT_OBJC_MSGSEND = YES;
				ENABLE_TESTABILITY = YES;
				GCC_C_LANGUAGE_STANDARD = gnu11;
				GCC_DYNAMIC_NO_PIC = NO;
				GCC_NO_COMMON_BLOCKS = YES;
				GCC_OPTIMIZATION_LEVEL = 0;
				GCC_PREPROCESSOR_DEFINITIONS = (
					"DEBUG=1",
					"$(inherited)",
				);
				GCC_WARN_64_TO_32_BIT_CONVERSION = YES;
				GCC_WARN_ABOUT_RETURN_TYPE = YES_ERROR;
				GCC_WARN_UNDECLARED_SELECTOR = YES;
				GCC_WARN_UNINITIALIZED_AUTOS = YES_AGGRESSIVE;
				GCC_WARN_UNUSED_FUNCTION = YES;
				GCC_WARN_UNUSED_VARIABLE = YES;
				IPHONEOS_DEPLOYMENT_TARGET = 12.1;
				MTL_ENABLE_DEBUG_INFO = INCLUDE_SOURCE;
				MTL_FAST_MATH = YES;
				ONLY_ACTIVE_ARCH = YES;
				SDKROOT = iphoneos;
				SWIFT_ACTIVE_COMPILATION_CONDITIONS = DEBUG;
				SWIFT_OPTIMIZATION_LEVEL = "-Onone";
			};
			name = Debug;
		};
		178BF78022A1167500521ACD /* Release */ = {
			isa = XCBuildConfiguration;
			buildSettings = {
				ALWAYS_SEARCH_USER_PATHS = NO;
				CLANG_ANALYZER_NONNULL = YES;
				CLANG_ANALYZER_NUMBER_OBJECT_CONVERSION = YES_AGGRESSIVE;
				CLANG_CXX_LANGUAGE_STANDARD = "gnu++14";
				CLANG_CXX_LIBRARY = "libc++";
				CLANG_ENABLE_MODULES = YES;
				CLANG_ENABLE_OBJC_ARC = YES;
				CLANG_ENABLE_OBJC_WEAK = YES;
				CLANG_WARN_BLOCK_CAPTURE_AUTORELEASING = YES;
				CLANG_WARN_BOOL_CONVERSION = YES;
				CLANG_WARN_COMMA = YES;
				CLANG_WARN_CONSTANT_CONVERSION = YES;
				CLANG_WARN_DEPRECATED_OBJC_IMPLEMENTATIONS = YES;
				CLANG_WARN_DIRECT_OBJC_ISA_USAGE = YES_ERROR;
				CLANG_WARN_DOCUMENTATION_COMMENTS = YES;
				CLANG_WARN_EMPTY_BODY = YES;
				CLANG_WARN_ENUM_CONVERSION = YES;
				CLANG_WARN_INFINITE_RECURSION = YES;
				CLANG_WARN_INT_CONVERSION = YES;
				CLANG_WARN_NON_LITERAL_NULL_CONVERSION = YES;
				CLANG_WARN_OBJC_IMPLICIT_RETAIN_SELF = YES;
				CLANG_WARN_OBJC_LITERAL_CONVERSION = YES;
				CLANG_WARN_OBJC_ROOT_CLASS = YES_ERROR;
				CLANG_WARN_RANGE_LOOP_ANALYSIS = YES;
				CLANG_WARN_STRICT_PROTOTYPES = YES;
				CLANG_WARN_SUSPICIOUS_MOVE = YES;
				CLANG_WARN_UNGUARDED_AVAILABILITY = YES_AGGRESSIVE;
				CLANG_WARN_UNREACHABLE_CODE = YES;
				CLANG_WARN__DUPLICATE_METHOD_MATCH = YES;
				CODE_SIGN_IDENTITY = "iPhone Developer";
				COPY_PHASE_STRIP = NO;
				DEBUG_INFORMATION_FORMAT = "dwarf-with-dsym";
				ENABLE_NS_ASSERTIONS = NO;
				ENABLE_STRICT_OBJC_MSGSEND = YES;
				GCC_C_LANGUAGE_STANDARD = gnu11;
				GCC_NO_COMMON_BLOCKS = YES;
				GCC_WARN_64_TO_32_BIT_CONVERSION = YES;
				GCC_WARN_ABOUT_RETURN_TYPE = YES_ERROR;
				GCC_WARN_UNDECLARED_SELECTOR = YES;
				GCC_WARN_UNINITIALIZED_AUTOS = YES_AGGRESSIVE;
				GCC_WARN_UNUSED_FUNCTION = YES;
				GCC_WARN_UNUSED_VARIABLE = YES;
				IPHONEOS_DEPLOYMENT_TARGET = 12.1;
				MTL_ENABLE_DEBUG_INFO = NO;
				MTL_FAST_MATH = YES;
				SDKROOT = iphoneos;
				SWIFT_COMPILATION_MODE = wholemodule;
				SWIFT_OPTIMIZATION_LEVEL = "-O";
				VALIDATE_PRODUCT = YES;
			};
			name = Release;
		};
		178BF78222A1167500521ACD /* Debug */ = {
			isa = XCBuildConfiguration;
			baseConfigurationReference = 73FE6A8AA09802B014943534 /* Pods-Test002.debug.xcconfig */;
			buildSettings = {
				ASSETCATALOG_COMPILER_APPICON_NAME = AppIcon;
				CODE_SIGN_STYLE = Automatic;
				INFOPLIST_FILE = Test002/Info.plist;
				LD_RUNPATH_SEARCH_PATHS = (
					"$(inherited)",
					"@executable_path/Frameworks",
				);
				PRODUCT_BUNDLE_IDENTIFIER = shalhi.Test002;
				PRODUCT_NAME = "$(TARGET_NAME)";
				SWIFT_VERSION = 4.2;
				TARGETED_DEVICE_FAMILY = "1,2";
			};
			name = Debug;
		};
		178BF78322A1167500521ACD /* Release */ = {
			isa = XCBuildConfiguration;
			baseConfigurationReference = 86A147C2142645363C03C0F6 /* Pods-Test002.release.xcconfig */;
			buildSettings = {
				ASSETCATALOG_COMPILER_APPICON_NAME = AppIcon;
				CODE_SIGN_STYLE = Automatic;
				INFOPLIST_FILE = Test002/Info.plist;
				LD_RUNPATH_SEARCH_PATHS = (
					"$(inherited)",
					"@executable_path/Frameworks",
				);
				PRODUCT_BUNDLE_IDENTIFIER = shalhi.Test002;
				PRODUCT_NAME = "$(TARGET_NAME)";
				SWIFT_VERSION = 4.2;
				TARGETED_DEVICE_FAMILY = "1,2";
			};
			name = Release;
		};
/* End XCBuildConfiguration section */

/* Begin XCConfigurationList section */
		178BF76A22A1167400521ACD /* Build configuration list for PBXProject "Test002" */ = {
			isa = XCConfigurationList;
			buildConfigurations = (
				178BF77F22A1167500521ACD /* Debug */,
				178BF78022A1167500521ACD /* Release */,
			);
			defaultConfigurationIsVisible = 0;
			defaultConfigurationName = Release;
		};
		178BF78122A1167500521ACD /* Build configuration list for PBXNativeTarget "Test002" */ = {
			isa = XCConfigurationList;
			buildConfigurations = (
				178BF78222A1167500521ACD /* Debug */,
				178BF78322A1167500521ACD /* Release */,
			);
			defaultConfigurationIsVisible = 0;
			defaultConfigurationName = Release;
		};
/* End XCConfigurationList section */
	};
	rootObject = 178BF76722A1167400521ACD /* Project object */;
}
